
Microsoft Visual Studio Solution File, Format Version 12.00
# Visual Studio Version 17
VisualStudioVersion = 17.9.34622.214
MinimumVisualStudioVersion = 10.0.40219.1
Project("{FAE04EC0-301F-11D3-BF4B-00C04F79EFBC}") = "GamerBot", "GamerBot\GamerBot.csproj", "{CCF1E4F5-E519-4E10-9BD5-9D25F8BC166E}"
EndProject
Global
	GlobalSection(SolutionConfigurationPlatforms) = preSolution
		Debug|Any CPU = Debug|Any CPU
		Release|Any CPU = Release|Any CPU
	EndGlobalSection
	GlobalSection(ProjectConfigurationPlatforms) = postSolution
		{CCF1E4F5-E519-4E10-9BD5-9D25F8BC166E}.Debug|Any CPU.ActiveCfg = Debug|Any CPU
		{CCF1E4F5-E519-4E10-9BD5-9D25F8BC166E}.Debug|Any CPU.Build.0 = Debug|Any CPU
		{CCF1E4F5-E519-4E10-9BD5-9D25F8BC166E}.Release|Any CPU.ActiveCfg = Release|Any CPU
		{CCF1E4F5-E519-4E10-9BD5-9D25F8BC166E}.Release|Any CPU.Build.0 = Release|Any CPU
	EndGlobalSection
	GlobalSection(SolutionProperties) = preSolution
		HideSolutionNode = FALSE
	EndGlobalSection
	GlobalSection(ExtensibilityGlobals) = postSolution
		SolutionGuid = {FCEB4C55-5430-48E5-B369-DE677150ADD8}
	EndGlobalSection
EndGlobal
